
Microsoft Visual Studio Solution File, Format Version 12.00
# Visual Studio Version 18
VisualStudioVersion = 18.6.11822.322 stable
MinimumVisualStudioVersion = 10.0.40219.1
Project("{8BC9CEB8-8B4A-11D0-8D11-00A0C91BC942}") = "Common", "build\shared\Common.vcxproj", "{8205F281-3171-5D5B-9043-E7B0578A561B}"
EndProject
Project("{8BC9CEB8-8B4A-11D0-8D11-00A0C91BC942}") = "Dependencies", "build\shared\Dependencies.vcxproj", "{44CB4612-AE25-521E-A321-C14A52E6E466}"
EndProject
Project("{8BC9CEB8-8B4A-11D0-8D11-00A0C91BC942}") = "Features", "build\shared\Features.vcxproj", "{9EA94922-EA2D-5313-A329-B6372FEA9DCA}"
EndProject
Project("{8BC9CEB8-8B4A-11D0-8D11-00A0C91BC942}") = "Patches", "build\shared\Patches.vcxproj", "{081AF474-B518-5CEF-A2C3-ADF4A228FCBB}"
EndProject
Project("{8BC9CEB8-8B4A-11D0-8D11-00A0C91BC942}") = "Diagnostics", "build\shared\Diagnostics.vcxproj", "{CDF52F14-1EEF-5692-8356-D1D7E8E2286F}"
EndProject
Project("{8BC9CEB8-8B4A-11D0-8D11-00A0C91BC942}") = "Runtime", "build\shared\Runtime.vcxproj", "{BA20C849-D39F-5B39-BD24-4FCCF200C667}"
EndProject
Project("{8BC9CEB8-8B4A-11D0-8D11-00A0C91BC942}") = "Core", "build\shared\Core.vcxproj", "{313028F6-9C79-5AD1-AEA0-914040453881}"
EndProject
Project("{8BC9CEB8-8B4A-11D0-8D11-00A0C91BC942}") = "ColdWar", "build\clients\coldwar\coldwar.vcxproj", "{C75CFF4A-1924-4BD4-B7DF-8777B2BE47D3}"
EndProject
Project("{8BC9CEB8-8B4A-11D0-8D11-00A0C91BC942}") = "MW2019", "build\clients\mw2019\mw2019.vcxproj", "{E7F44D7E-0D9E-4045-AFCC-5C8109A7C0DE}"
EndProject
Project("{8BC9CEB8-8B4A-11D0-8D11-00A0C91BC942}") = "BO4", "build\clients\bo4\bo4.vcxproj", "{2B964AE4-DDBE-4AC8-8F30-F534C2C8DDC5}"
EndProject
Project("{8BC9CEB8-8B4A-11D0-8D11-00A0C91BC942}") = "BO6", "build\clients\bo6\bo6.vcxproj", "{72A8B25B-D00B-4BFE-BD85-3E1F226E7892}"
EndProject
Project("{8BC9CEB8-8B4A-11D0-8D11-00A0C91BC942}") = "MW3", "build\clients\mw3\mw3.vcxproj", "{9ACB515E-5C68-485D-8932-40F689905ABE}"
EndProject
Project("{2150E333-8FDC-42A3-9474-1A3956D46DE8}") = "Solution Items", "Solution Items", "{4937A75A-02EF-4779-AA0D-0E47E5FC574A}"
	ProjectSection(SolutionItems) = preProject
		README.md = README.md
		LICENSE = LICENSE
		THIRD_PARTY_NOTICES.md = THIRD_PARTY_NOTICES.md
		docs\ARCHITECTURE.md = docs\ARCHITECTURE.md
		docs\RELEASE.md = docs\RELEASE.md
		tools\build.ps1 = tools\build.ps1
		tools\package.ps1 = tools\package.ps1
	EndProjectSection
EndProject
Project("{8BC9CEB8-8B4A-11D0-8D11-00A0C91BC942}") = "IW8Server", "build\backend\IW8Server.vcxproj", "{1EAC151E-7BB8-4FA6-A0C7-9CB85619294B}"
EndProject
Project("{2150E333-8FDC-42A3-9474-1A3956D46DE8}") = "Libraries", "Libraries", "{4F429046-EB9D-5F84-A4A2-23F53562E9AC}"
EndProject
Project("{2150E333-8FDC-42A3-9474-1A3956D46DE8}") = "Clients", "Clients", "{81031916-C7D9-5E28-9922-093B83D9769D}"
EndProject
Project("{2150E333-8FDC-42A3-9474-1A3956D46DE8}") = "Backend", "Backend", "{40C3DFC1-8EB5-593E-8A78-C756F07C9EA5}"
EndProject
Global
	GlobalSection(SolutionConfigurationPlatforms) = preSolution
		Debug|x64 = Debug|x64
		Release|x64 = Release|x64
	EndGlobalSection
	GlobalSection(ProjectConfigurationPlatforms) = postSolution
		{8205F281-3171-5D5B-9043-E7B0578A561B}.Debug|x64.ActiveCfg = Debug|x64
		{8205F281-3171-5D5B-9043-E7B0578A561B}.Debug|x64.Build.0 = Debug|x64
		{8205F281-3171-5D5B-9043-E7B0578A561B}.Release|x64.ActiveCfg = Release|x64
		{8205F281-3171-5D5B-9043-E7B0578A561B}.Release|x64.Build.0 = Release|x64
		{44CB4612-AE25-521E-A321-C14A52E6E466}.Debug|x64.ActiveCfg = Debug|x64
		{44CB4612-AE25-521E-A321-C14A52E6E466}.Debug|x64.Build.0 = Debug|x64
		{44CB4612-AE25-521E-A321-C14A52E6E466}.Release|x64.ActiveCfg = Release|x64
		{44CB4612-AE25-521E-A321-C14A52E6E466}.Release|x64.Build.0 = Release|x64
		{9EA94922-EA2D-5313-A329-B6372FEA9DCA}.Debug|x64.ActiveCfg = Debug|x64
		{9EA94922-EA2D-5313-A329-B6372FEA9DCA}.Debug|x64.Build.0 = Debug|x64
		{9EA94922-EA2D-5313-A329-B6372FEA9DCA}.Release|x64.ActiveCfg = Release|x64
		{9EA94922-EA2D-5313-A329-B6372FEA9DCA}.Release|x64.Build.0 = Release|x64
		{081AF474-B518-5CEF-A2C3-ADF4A228FCBB}.Debug|x64.ActiveCfg = Debug|x64
		{081AF474-B518-5CEF-A2C3-ADF4A228FCBB}.Debug|x64.Build.0 = Debug|x64
		{081AF474-B518-5CEF-A2C3-ADF4A228FCBB}.Release|x64.ActiveCfg = Release|x64
		{081AF474-B518-5CEF-A2C3-ADF4A228FCBB}.Release|x64.Build.0 = Release|x64
		{CDF52F14-1EEF-5692-8356-D1D7E8E2286F}.Debug|x64.ActiveCfg = Debug|x64
		{CDF52F14-1EEF-5692-8356-D1D7E8E2286F}.Debug|x64.Build.0 = Debug|x64
		{CDF52F14-1EEF-5692-8356-D1D7E8E2286F}.Release|x64.ActiveCfg = Release|x64
		{CDF52F14-1EEF-5692-8356-D1D7E8E2286F}.Release|x64.Build.0 = Release|x64
		{BA20C849-D39F-5B39-BD24-4FCCF200C667}.Debug|x64.ActiveCfg = Debug|x64
		{BA20C849-D39F-5B39-BD24-4FCCF200C667}.Debug|x64.Build.0 = Debug|x64
		{BA20C849-D39F-5B39-BD24-4FCCF200C667}.Release|x64.ActiveCfg = Release|x64
		{BA20C849-D39F-5B39-BD24-4FCCF200C667}.Release|x64.Build.0 = Release|x64
		{313028F6-9C79-5AD1-AEA0-914040453881}.Debug|x64.ActiveCfg = Debug|x64
		{313028F6-9C79-5AD1-AEA0-914040453881}.Debug|x64.Build.0 = Debug|x64
		{313028F6-9C79-5AD1-AEA0-914040453881}.Release|x64.ActiveCfg = Release|x64
		{313028F6-9C79-5AD1-AEA0-914040453881}.Release|x64.Build.0 = Release|x64
		{C75CFF4A-1924-4BD4-B7DF-8777B2BE47D3}.Debug|x64.ActiveCfg = Debug|x64
		{C75CFF4A-1924-4BD4-B7DF-8777B2BE47D3}.Debug|x64.Build.0 = Debug|x64
		{C75CFF4A-1924-4BD4-B7DF-8777B2BE47D3}.Release|x64.ActiveCfg = Release|x64
		{C75CFF4A-1924-4BD4-B7DF-8777B2BE47D3}.Release|x64.Build.0 = Release|x64
		{E7F44D7E-0D9E-4045-AFCC-5C8109A7C0DE}.Debug|x64.ActiveCfg = Debug|x64
		{E7F44D7E-0D9E-4045-AFCC-5C8109A7C0DE}.Debug|x64.Build.0 = Debug|x64
		{E7F44D7E-0D9E-4045-AFCC-5C8109A7C0DE}.Release|x64.ActiveCfg = Release|x64
		{E7F44D7E-0D9E-4045-AFCC-5C8109A7C0DE}.Release|x64.Build.0 = Release|x64
		{2B964AE4-DDBE-4AC8-8F30-F534C2C8DDC5}.Debug|x64.ActiveCfg = Debug|x64
		{2B964AE4-DDBE-4AC8-8F30-F534C2C8DDC5}.Debug|x64.Build.0 = Debug|x64
		{2B964AE4-DDBE-4AC8-8F30-F534C2C8DDC5}.Release|x64.ActiveCfg = Release|x64
		{2B964AE4-DDBE-4AC8-8F30-F534C2C8DDC5}.Release|x64.Build.0 = Release|x64
		{72A8B25B-D00B-4BFE-BD85-3E1F226E7892}.Debug|x64.ActiveCfg = Debug|x64
		{72A8B25B-D00B-4BFE-BD85-3E1F226E7892}.Debug|x64.Build.0 = Debug|x64
		{72A8B25B-D00B-4BFE-BD85-3E1F226E7892}.Release|x64.ActiveCfg = Release|x64
		{72A8B25B-D00B-4BFE-BD85-3E1F226E7892}.Release|x64.Build.0 = Release|x64
		{9ACB515E-5C68-485D-8932-40F689905ABE}.Debug|x64.ActiveCfg = Debug|x64
		{9ACB515E-5C68-485D-8932-40F689905ABE}.Debug|x64.Build.0 = Debug|x64
		{9ACB515E-5C68-485D-8932-40F689905ABE}.Release|x64.ActiveCfg = Release|x64
		{9ACB515E-5C68-485D-8932-40F689905ABE}.Release|x64.Build.0 = Release|x64
		{1EAC151E-7BB8-4FA6-A0C7-9CB85619294B}.Debug|x64.ActiveCfg = Debug|x64
		{1EAC151E-7BB8-4FA6-A0C7-9CB85619294B}.Debug|x64.Build.0 = Debug|x64
		{1EAC151E-7BB8-4FA6-A0C7-9CB85619294B}.Release|x64.ActiveCfg = Release|x64
		{1EAC151E-7BB8-4FA6-A0C7-9CB85619294B}.Release|x64.Build.0 = Release|x64
	EndGlobalSection
	GlobalSection(SolutionProperties) = preSolution
		HideSolutionNode = FALSE
	EndGlobalSection
	GlobalSection(ExtensibilityGlobals) = postSolution
		SolutionGuid = {AEEEA86D-A548-4F69-BA7F-2318D90FD93B}
	EndGlobalSection
	GlobalSection(NestedProjects) = preSolution
		{8205F281-3171-5D5B-9043-E7B0578A561B} = {4F429046-EB9D-5F84-A4A2-23F53562E9AC}
		{44CB4612-AE25-521E-A321-C14A52E6E466} = {4F429046-EB9D-5F84-A4A2-23F53562E9AC}
		{9EA94922-EA2D-5313-A329-B6372FEA9DCA} = {4F429046-EB9D-5F84-A4A2-23F53562E9AC}
		{081AF474-B518-5CEF-A2C3-ADF4A228FCBB} = {4F429046-EB9D-5F84-A4A2-23F53562E9AC}
		{CDF52F14-1EEF-5692-8356-D1D7E8E2286F} = {4F429046-EB9D-5F84-A4A2-23F53562E9AC}
		{BA20C849-D39F-5B39-BD24-4FCCF200C667} = {4F429046-EB9D-5F84-A4A2-23F53562E9AC}
		{313028F6-9C79-5AD1-AEA0-914040453881} = {4F429046-EB9D-5F84-A4A2-23F53562E9AC}
		{C75CFF4A-1924-4BD4-B7DF-8777B2BE47D3} = {81031916-C7D9-5E28-9922-093B83D9769D}
		{E7F44D7E-0D9E-4045-AFCC-5C8109A7C0DE} = {81031916-C7D9-5E28-9922-093B83D9769D}
		{2B964AE4-DDBE-4AC8-8F30-F534C2C8DDC5} = {81031916-C7D9-5E28-9922-093B83D9769D}
		{72A8B25B-D00B-4BFE-BD85-3E1F226E7892} = {81031916-C7D9-5E28-9922-093B83D9769D}
		{9ACB515E-5C68-485D-8932-40F689905ABE} = {81031916-C7D9-5E28-9922-093B83D9769D}
		{1EAC151E-7BB8-4FA6-A0C7-9CB85619294B} = {40C3DFC1-8EB5-593E-8A78-C756F07C9EA5}
	EndGlobalSection
EndGlobal
